
Microsoft Visual Studio Solution File, Format Version 12.00
# Visual Studio Version 16
VisualStudioVersion = 16.0.31515.178
MinimumVisualStudioVersion = 10.0.40219.1
Project("{2150E333-8FDC-42A3-9474-1A3956D46DE8}") = "src", "src", "{B4D42B01-3281-49D9-8C46-E2CAD6EB5F2D}"
EndProject
Project("{2150E333-8FDC-42A3-9474-1A3956D46DE8}") = "test", "test", "{BC231226-2426-424F-BA25-8E268A5FD2F0}"
EndProject
Project("{2150E333-8FDC-42A3-9474-1A3956D46DE8}") = "Common", "Common", "{4DE1F96F-CB54-4EE4-A7D7-750F32FE2D5C}"
EndProject
Project("{2150E333-8FDC-42A3-9474-1A3956D46DE8}") = "Domain", "Domain", "{5EE2C462-DA80-444D-8B35-6557D2678412}"
EndProject
Project("{2150E333-8FDC-42A3-9474-1A3956D46DE8}") = "Service", "Service", "{DCB53BD5-3107-4E3C-B7C9-52A0B14B911D}"
EndProject
Project("{2150E333-8FDC-42A3-9474-1A3956D46DE8}") = "WebAPI", "WebAPI", "{F5F05ED6-6638-45EC-8D1C-35C9FF11E4E1}"
EndProject
Project("{9A19103F-16F7-4668-BE54-9A1E7A4F7556}") = "B.Common", "B.Common\B.Common.csproj", "{166394DD-0165-4445-A941-411AAB59FD2E}"
EndProject
Project("{9A19103F-16F7-4668-BE54-9A1E7A4F7556}") = "B.Domain", "B.Domain\B.Domain.csproj", "{1F7B9738-C31F-48C8-8DB8-40E33D2FB00A}"
EndProject
Project("{9A19103F-16F7-4668-BE54-9A1E7A4F7556}") = "B.WebAPI", "B.WebAPI\B.WebAPI.csproj", "{FA90C057-9759-448F-8B76-F197F2D8D029}"
EndProject
Project("{9A19103F-16F7-4668-BE54-9A1E7A4F7556}") = "B.Service", "B.Service\B.Service.csproj", "{8BBE7697-FEF1-43A2-9C7E-F08745C94946}"
EndProject
Project("{2150E333-8FDC-42A3-9474-1A3956D46DE8}") = "Infrastructure", "Infrastructure", "{051A19A7-CB03-40FF-A61E-ED4D61303C30}"
EndProject
Project("{9A19103F-16F7-4668-BE54-9A1E7A4F7556}") = "B.Infrastructure", "B.Infrastructure\B.Infrastructure.csproj", "{50AFF71E-F89E-4685-9041-D705A47FF904}"
EndProject
Project("{2150E333-8FDC-42A3-9474-1A3956D46DE8}") = "NewFolder1", "NewFolder1", "{50B10F7F-9541-4511-BC08-4952083949AE}"
EndProject
Project("{FAE04EC0-301F-11D3-BF4B-00C04F79EFBC}") = "B.Tests", "B.Tests\B.Tests.csproj", "{4935892C-F30E-4578-840B-58A5E993E3B7}"
EndProject
Global
	GlobalSection(SolutionConfigurationPlatforms) = preSolution
		Debug|Any CPU = Debug|Any CPU
		Release|Any CPU = Release|Any CPU
	EndGlobalSection
	GlobalSection(ProjectConfigurationPlatforms) = postSolution
		{166394DD-0165-4445-A941-411AAB59FD2E}.Debug|Any CPU.ActiveCfg = Debug|Any CPU
		{166394DD-0165-4445-A941-411AAB59FD2E}.Debug|Any CPU.Build.0 = Debug|Any CPU
		{166394DD-0165-4445-A941-411AAB59FD2E}.Release|Any CPU.ActiveCfg = Release|Any CPU
		{166394DD-0165-4445-A941-411AAB59FD2E}.Release|Any CPU.Build.0 = Release|Any CPU
		{1F7B9738-C31F-48C8-8DB8-40E33D2FB00A}.Debug|Any CPU.ActiveCfg = Debug|Any CPU
		{1F7B9738-C31F-48C8-8DB8-40E33D2FB00A}.Debug|Any CPU.Build.0 = Debug|Any CPU
		{1F7B9738-C31F-48C8-8DB8-40E33D2FB00A}.Release|Any CPU.ActiveCfg = Release|Any CPU
		{1F7B9738-C31F-48C8-8DB8-40E33D2FB00A}.Release|Any CPU.Build.0 = Release|Any CPU
		{FA90C057-9759-448F-8B76-F197F2D8D029}.Debug|Any CPU.ActiveCfg = Debug|Any CPU
		{FA90C057-9759-448F-8B76-F197F2D8D029}.Debug|Any CPU.Build.0 = Debug|Any CPU
		{FA90C057-9759-448F-8B76-F197F2D8D029}.Release|Any CPU.ActiveCfg = Release|Any CPU
		{FA90C057-9759-448F-8B76-F197F2D8D029}.Release|Any CPU.Build.0 = Release|Any CPU
		{8BBE7697-FEF1-43A2-9C7E-F08745C94946}.Debug|Any CPU.ActiveCfg = Debug|Any CPU
		{8BBE7697-FEF1-43A2-9C7E-F08745C94946}.Debug|Any CPU.Build.0 = Debug|Any CPU
		{8BBE7697-FEF1-43A2-9C7E-F08745C94946}.Release|Any CPU.ActiveCfg = Release|Any CPU
		{8BBE7697-FEF1-43A2-9C7E-F08745C94946}.Release|Any CPU.Build.0 = Release|Any CPU
		{50AFF71E-F89E-4685-9041-D705A47FF904}.Debug|Any CPU.ActiveCfg = Debug|Any CPU
		{50AFF71E-F89E-4685-9041-D705A47FF904}.Debug|Any CPU.Build.0 = Debug|Any CPU
		{50AFF71E-F89E-4685-9041-D705A47FF904}.Release|Any CPU.ActiveCfg = Release|Any CPU
		{50AFF71E-F89E-4685-9041-D705A47FF904}.Release|Any CPU.Build.0 = Release|Any CPU
		{4935892C-F30E-4578-840B-58A5E993E3B7}.Debug|Any CPU.ActiveCfg = Debug|Any CPU
		{4935892C-F30E-4578-840B-58A5E993E3B7}.Debug|Any CPU.Build.0 = Debug|Any CPU
		{4935892C-F30E-4578-840B-58A5E993E3B7}.Release|Any CPU.ActiveCfg = Release|Any CPU
		{4935892C-F30E-4578-840B-58A5E993E3B7}.Release|Any CPU.Build.0 = Release|Any CPU
	EndGlobalSection
	GlobalSection(SolutionProperties) = preSolution
		HideSolutionNode = FALSE
	EndGlobalSection
	GlobalSection(NestedProjects) = preSolution
		{4DE1F96F-CB54-4EE4-A7D7-750F32FE2D5C} = {B4D42B01-3281-49D9-8C46-E2CAD6EB5F2D}
		{5EE2C462-DA80-444D-8B35-6557D2678412} = {B4D42B01-3281-49D9-8C46-E2CAD6EB5F2D}
		{DCB53BD5-3107-4E3C-B7C9-52A0B14B911D} = {B4D42B01-3281-49D9-8C46-E2CAD6EB5F2D}
		{F5F05ED6-6638-45EC-8D1C-35C9FF11E4E1} = {B4D42B01-3281-49D9-8C46-E2CAD6EB5F2D}
		{166394DD-0165-4445-A941-411AAB59FD2E} = {4DE1F96F-CB54-4EE4-A7D7-750F32FE2D5C}
		{1F7B9738-C31F-48C8-8DB8-40E33D2FB00A} = {5EE2C462-DA80-444D-8B35-6557D2678412}
		{FA90C057-9759-448F-8B76-F197F2D8D029} = {F5F05ED6-6638-45EC-8D1C-35C9FF11E4E1}
		{8BBE7697-FEF1-43A2-9C7E-F08745C94946} = {DCB53BD5-3107-4E3C-B7C9-52A0B14B911D}
		{051A19A7-CB03-40FF-A61E-ED4D61303C30} = {B4D42B01-3281-49D9-8C46-E2CAD6EB5F2D}
		{50AFF71E-F89E-4685-9041-D705A47FF904} = {051A19A7-CB03-40FF-A61E-ED4D61303C30}
		{50B10F7F-9541-4511-BC08-4952083949AE} = {BC231226-2426-424F-BA25-8E268A5FD2F0}
		{4935892C-F30E-4578-840B-58A5E993E3B7} = {BC231226-2426-424F-BA25-8E268A5FD2F0}
	EndGlobalSection
	GlobalSection(ExtensibilityGlobals) = postSolution
		SolutionGuid = {64B94D4E-1979-49A6-90CD-BD49AE36BB69}
	EndGlobalSection
EndGlobal
